
Microsoft Visual Studio Solution File, Format Version 12.00
# Visual Studio 15
VisualStudioVersion = 15.0.27428.2015
MinimumVisualStudioVersion = 10.0.40219.1
Project("{FAE04EC0-301F-11D3-BF4B-00C04F79EFBC}") = "cTrader-GURU", "cTrader-GURU\cTrader-GURU.csproj", "{F83FE4AB-5DA4-4836-AB0F-1894C8479F10}"
EndProject
Global
	GlobalSection(SolutionConfigurationPlatforms) = preSolution
		Debug|Any CPU = Debug|Any CPU
		Release|Any CPU = Release|Any CPU
	EndGlobalSection
	GlobalSection(ProjectConfigurationPlatforms) = postSolution
		{F83FE4AB-5DA4-4836-AB0F-1894C8479F10}.Debug|Any CPU.ActiveCfg = Debug|Any CPU
		{F83FE4AB-5DA4-4836-AB0F-1894C8479F10}.Debug|Any CPU.Build.0 = Debug|Any CPU
		{F83FE4AB-5DA4-4836-AB0F-1894C8479F10}.Release|Any CPU.ActiveCfg = Release|Any CPU
		{F83FE4AB-5DA4-4836-AB0F-1894C8479F10}.Release|Any CPU.Build.0 = Release|Any CPU
	EndGlobalSection
	GlobalSection(SolutionProperties) = preSolution
		HideSolutionNode = FALSE
	EndGlobalSection
	GlobalSection(ExtensibilityGlobals) = postSolution
		SolutionGuid = {9C0962E2-10E2-4DB1-AFAA-EB03247DEB82}
	EndGlobalSection
EndGlobal
